
Microsoft Visual Studio Solution File, Format Version 12.00
# Visual Studio 15
VisualStudioVersion = 15.0.27130.2036
MinimumVisualStudioVersion = 10.0.40219.1
Project("{9A19103F-16F7-4668-BE54-9A1E7A4F7556}") = "APUS", "APUS\APUS.csproj", "{2308AC50-F4D3-4298-A103-7A4D1C46BFD0}"
EndProject
Project("{9A19103F-16F7-4668-BE54-9A1E7A4F7556}") = "APUS.UnitTests", "APUS.UnitTests\APUS.UnitTests.csproj", "{71268744-638C-424C-9240-96CE4AB41D87}"
EndProject
Global
	GlobalSection(SolutionConfigurationPlatforms) = preSolution
		Debug|Any CPU = Debug|Any CPU
		Release|Any CPU = Release|Any CPU
	EndGlobalSection
	GlobalSection(ProjectConfigurationPlatforms) = postSolution
		{2308AC50-F4D3-4298-A103-7A4D1C46BFD0}.Debug|Any CPU.ActiveCfg = Debug|Any CPU
		{2308AC50-F4D3-4298-A103-7A4D1C46BFD0}.Debug|Any CPU.Build.0 = Debug|Any CPU
		{2308AC50-F4D3-4298-A103-7A4D1C46BFD0}.Release|Any CPU.ActiveCfg = Release|Any CPU
		{2308AC50-F4D3-4298-A103-7A4D1C46BFD0}.Release|Any CPU.Build.0 = Release|Any CPU
		{71268744-638C-424C-9240-96CE4AB41D87}.Debug|Any CPU.ActiveCfg = Debug|Any CPU
		{71268744-638C-424C-9240-96CE4AB41D87}.Debug|Any CPU.Build.0 = Debug|Any CPU
		{71268744-638C-424C-9240-96CE4AB41D87}.Release|Any CPU.ActiveCfg = Release|Any CPU
		{71268744-638C-424C-9240-96CE4AB41D87}.Release|Any CPU.Build.0 = Release|Any CPU
	EndGlobalSection
	GlobalSection(SolutionProperties) = preSolution
		HideSolutionNode = FALSE
	EndGlobalSection
	GlobalSection(ExtensibilityGlobals) = postSolution
		SolutionGuid = {4EC9359E-1D60-48AA-A92B-6DAAF0DAD3CB}
	EndGlobalSection
EndGlobal
